// !$*UTF8*$!
{
	archiveVersion = 1;
	classes = {
	};
	objectVersion = 54;
	objects = {

/* Begin PBXBuildFile section */
		00E356F31AD99517003FC87E /* kickflicksTests.m in Sources */ = {isa = PBXBuildFile; fileRef = 00E356F21AD99517003FC87E /* kickflicksTests.m */; };
		0229E45329104D32A080A134 /* SourceSansPro-BoldItalic.ttf in Resources */ = {isa = PBXBuildFile; fileRef = 95C154DD92794207963B4F07 /* SourceSansPro-BoldItalic.ttf */; };
		03D6BF03C94C4966BC305530 /* OpenSans-Semibold.ttf in Resources */ = {isa = PBXBuildFile; fileRef = 15915A348EF841BDA726FBBE /* OpenSans-Semibold.ttf */; };
		0C80B921A6F3F58F76C31292 /* libPods-kickflicks.a in Frameworks */ = {isa = PBXBuildFile; fileRef = 5DCACB8F33CDC322A6C60F78 /* libPods-kickflicks.a */; };
		0E7DDB012EE44079B0CC76DA /* Montserrat-Italic.ttf in Resources */ = {isa = PBXBuildFile; fileRef = 79911C4ABC694ACAB14720C6 /* Montserrat-Italic.ttf */; };
		13B07FBC1A68108700A75B9A /* AppDelegate.mm in Sources */ = {isa = PBXBuildFile; fileRef = 13B07FB01A68108700A75B9A /* AppDelegate.mm */; };
		13B07FBF1A68108700A75B9A /* Images.xcassets in Resources */ = {isa = PBXBuildFile; fileRef = 13B07FB51A68108700A75B9A /* Images.xcassets */; };
		13B07FC11A68108700A75B9A /* main.m in Sources */ = {isa = PBXBuildFile; fileRef = 13B07FB71A68108700A75B9A /* main.m */; };
		1476A284EAEB4847A66E4614 /* Poppins-Medium.ttf in Resources */ = {isa = PBXBuildFile; fileRef = 191E80CABF144CCBA6725468 /* Poppins-Medium.ttf */; };
		159E5B7A06F848618708B9DD /* Montserrat-MediumItalic.ttf in Resources */ = {isa = PBXBuildFile; fileRef = E0B11C0266754C4B892C1207 /* Montserrat-MediumItalic.ttf */; };
		196FA3FF884F45B0BF5DF3A9 /* OpenSans-Italic.ttf in Resources */ = {isa = PBXBuildFile; fileRef = 6BDFE8E94673456FA564541C /* OpenSans-Italic.ttf */; };
		1A3DCC4308F84F96B535073B /* Poppins-Light.ttf in Resources */ = {isa = PBXBuildFile; fileRef = 6EB46B56FD0C42C7BBF0189D /* Poppins-Light.ttf */; };
		1A87B3D63A054896B152DC2B /* Inter-SemiBold.ttf in Resources */ = {isa = PBXBuildFile; fileRef = 56EA13490F7D43C382A48AB4 /* Inter-SemiBold.ttf */; };
		20C986767D924C1C9C4BBE7A /* Montserrat-ExtraLightItalic.ttf in Resources */ = {isa = PBXBuildFile; fileRef = EECDAA2A310344E0B87A93B8 /* Montserrat-ExtraLightItalic.ttf */; };
		21850FA91E0544AB8F5FA7B8 /* Inter-ExtraLightItalic-BETA.ttf in Resources */ = {isa = PBXBuildFile; fileRef = A8F90430E7144B9099EB02C1 /* Inter-ExtraLightItalic-BETA.ttf */; };
		258D1953F2B0460AACE89904 /* SourceSansPro-LightItalic.ttf in Resources */ = {isa = PBXBuildFile; fileRef = BD81C14B36B34E6998563A1C /* SourceSansPro-LightItalic.ttf */; };
		2DEDEFB536FD456E8A0EF332 /* Montserrat-ExtraLight.ttf in Resources */ = {isa = PBXBuildFile; fileRef = 4192EDC5164D4DBEAF19EEEF /* Montserrat-ExtraLight.ttf */; };
		34875185B78A481FBAB88C30 /* GreatVibes-Regular.ttf in Resources */ = {isa = PBXBuildFile; fileRef = 05CCEF23F38B4E658FD4080D /* GreatVibes-Regular.ttf */; };
		369F8EF643954630B97B95B4 /* SourceSansPro-SemiboldItalic.ttf in Resources */ = {isa = PBXBuildFile; fileRef = 8B75FC7D422448BD84D8B269 /* SourceSansPro-SemiboldItalic.ttf */; };
		3C3E6C229FDB491C930FDF2C /* SourceSansPro-Light.ttf in Resources */ = {isa = PBXBuildFile; fileRef = 1FE7212CDE18480D97103FE5 /* SourceSansPro-Light.ttf */; };
		40F7E5A2DE7C4811AD2EC49A /* Inter-ThinItalic-BETA.ttf in Resources */ = {isa = PBXBuildFile; fileRef = 59CFFF96A5214D3AA2B7EB9F /* Inter-ThinItalic-BETA.ttf */; };
		416B9A43D7A347DDB192CBE6 /* Montserrat-Light.ttf in Resources */ = {isa = PBXBuildFile; fileRef = B4F61ED528804527B41A3473 /* Montserrat-Light.ttf */; };
		4226DCCDAA034A98B1261F4B /* OpenSans-BoldItalic.ttf in Resources */ = {isa = PBXBuildFile; fileRef = 2F4606D6A07E430999F804C6 /* OpenSans-BoldItalic.ttf */; };
		45C15C4F8C7645BFBBE5CAAA /* SourceSansPro-ExtraLightItalic.ttf in Resources */ = {isa = PBXBuildFile; fileRef = 1DA6522678174083A0FA6658 /* SourceSansPro-ExtraLightItalic.ttf */; };
		4A4FF676725B455A9F6F1089 /* SourceSansPro-ExtraLight.ttf in Resources */ = {isa = PBXBuildFile; fileRef = 24DD41C8BB194DAE92B33F22 /* SourceSansPro-ExtraLight.ttf */; };
		4B3A6DF647254569BB795631 /* Poppins-Bold.ttf in Resources */ = {isa = PBXBuildFile; fileRef = E0E3755C4A0A43AFAC62DEAE /* Poppins-Bold.ttf */; };
		4F5EAE277D0546F39F253786 /* SourceSansPro-BlackItalic.ttf in Resources */ = {isa = PBXBuildFile; fileRef = 549105B87C9E4F18B401B47D /* SourceSansPro-BlackItalic.ttf */; };
		54554F0784404B8AA3099CE4 /* GenBkBasItalic.ttf in Resources */ = {isa = PBXBuildFile; fileRef = 62CE3A7ADEF54B89BD90BDA5 /* GenBkBasItalic.ttf */; };
		5AF976430FE34927A78B0B55 /* Montserrat-Thin.ttf in Resources */ = {isa = PBXBuildFile; fileRef = B44F2AC5CABD4178BE0F91B4 /* Montserrat-Thin.ttf */; };
		5D8A61939C8340BCABC39D45 /* SourceSansPro-Italic.ttf in Resources */ = {isa = PBXBuildFile; fileRef = B24F70BC284E463989B99F84 /* SourceSansPro-Italic.ttf */; };
		60ECE58F0618438BB2382E87 /* Sans-Bold.ttf in Resources */ = {isa = PBXBuildFile; fileRef = 0F6391BDD897451280B28ACF /* Sans-Bold.ttf */; };
		64850B6D9C7D4340B4EECA22 /* Montserrat-BoldItalic.ttf in Resources */ = {isa = PBXBuildFile; fileRef = D082E7BB68B74506B51E14F0 /* Montserrat-BoldItalic.ttf */; };
		6545EC774A4B4994AA44981C /* Montserrat-SemiBoldItalic.ttf in Resources */ = {isa = PBXBuildFile; fileRef = 3A29828422FC419AB3CA037C /* Montserrat-SemiBoldItalic.ttf */; };
		6E1BDC92F64044CDA7618CE8 /* GenBkBasB.ttf in Resources */ = {isa = PBXBuildFile; fileRef = 7E43A903A17D49619F19AFC0 /* GenBkBasB.ttf */; };
		703F8D7DD1AE4F1A8E56EA44 /* Poppins-Black.ttf in Resources */ = {isa = PBXBuildFile; fileRef = A7B6A6F2C8CD4CB6BEDD9161 /* Poppins-Black.ttf */; };
		725574F320644C249DD22A50 /* Inter-UI-BlackItalic.ttf in Resources */ = {isa = PBXBuildFile; fileRef = 4C408149C4FF4B8F97B8A2D5 /* Inter-UI-BlackItalic.ttf */; };
		7673F2F43D8848DC8C982373 /* OpenSans-ExtraBold.ttf in Resources */ = {isa = PBXBuildFile; fileRef = 5D259128B93647D393CB8154 /* OpenSans-ExtraBold.ttf */; };
		7699B88040F8A987B510C191 /* libPods-kickflicks-kickflicksTests.a in Frameworks */ = {isa = PBXBuildFile; fileRef = 19F6CBCC0A4E27FBF8BF4A61 /* libPods-kickflicks-kickflicksTests.a */; };
		77FD449BCA964880AF8C3695 /* SourceSansPro-Regular.ttf in Resources */ = {isa = PBXBuildFile; fileRef = 06B1A6498E744CDF8FF16582 /* SourceSansPro-Regular.ttf */; };
		79CC5891D3E44D5FB3329F36 /* OpenSans-ExtraBoldItalic.ttf in Resources */ = {isa = PBXBuildFile; fileRef = 4956E84384B9407793306222 /* OpenSans-ExtraBoldItalic.ttf */; };
		8162A9AF89ED42DA8D9AAA49 /* Inter-Italic.ttf in Resources */ = {isa = PBXBuildFile; fileRef = 5F0EB2CB55C74A6A9A91EF86 /* Inter-Italic.ttf */; };
		81AB9BB82411601600AC10FF /* LaunchScreen.storyboard in Resources */ = {isa = PBXBuildFile; fileRef = 81AB9BB72411601600AC10FF /* LaunchScreen.storyboard */; };
		87281B96DB804C72B82A0AAE /* Montserrat-ThinItalic.ttf in Resources */ = {isa = PBXBuildFile; fileRef = 5558970AB86642D29C2B6F9A /* Montserrat-ThinItalic.ttf */; };
		8948D2912EF845F584EC5A8B /* OpenSans-LightItalic.ttf in Resources */ = {isa = PBXBuildFile; fileRef = 47B5A1ECCCE5455EB2211108 /* OpenSans-LightItalic.ttf */; };
		8976C7B4CE084C0FA4A5AE32 /* Montserrat-Bold.ttf in Resources */ = {isa = PBXBuildFile; fileRef = 4FE019E10C2841668BF89639 /* Montserrat-Bold.ttf */; };
		8A014D16FB074927866912E7 /* Inter-Regular.ttf in Resources */ = {isa = PBXBuildFile; fileRef = DB3F97F63AB443E9AF425794 /* Inter-Regular.ttf */; };
		8B5C79F5C9734EB09F3A828B /* Inter-ExtraBoldItalic.ttf in Resources */ = {isa = PBXBuildFile; fileRef = 40DFE343816A44EBB1F4AC37 /* Inter-ExtraBoldItalic.ttf */; };
		9051ADFBC5784F03B38F50FB /* Inter-MediumItalic.ttf in Resources */ = {isa = PBXBuildFile; fileRef = 86B30D23742841B185793A07 /* Inter-MediumItalic.ttf */; };
		930D408C2A2E4C5CBC943341 /* Inter-Light-BETA.ttf in Resources */ = {isa = PBXBuildFile; fileRef = A00C0B91DEA3435EBA2DBF2E /* Inter-Light-BETA.ttf */; };
		9AC1303650CB4354A0AD223E /* Poppins-Regular.ttf in Resources */ = {isa = PBXBuildFile; fileRef = 18136C21281442DEA3396997 /* Poppins-Regular.ttf */; };
		A146912DA1C3481194218AAC /* Montserrat-BlackItalic.ttf in Resources */ = {isa = PBXBuildFile; fileRef = C721A9E22FEB46E99D4FA22C /* Montserrat-BlackItalic.ttf */; };
		A18C5BCE4D0744D09B0922EB /* GenBkBasR.ttf in Resources */ = {isa = PBXBuildFile; fileRef = F8498D090FCF490BA5817E14 /* GenBkBasR.ttf */; };
		A5F48DF401EC4DA1B9EA458A /* Inter-ExtraLight-BETA.ttf in Resources */ = {isa = PBXBuildFile; fileRef = 25BAEEF5C0964C4EBADE610F /* Inter-ExtraLight-BETA.ttf */; };
		A6A9E6D09D4B4A2F94C107CA /* Montserrat-ExtraBold.ttf in Resources */ = {isa = PBXBuildFile; fileRef = E11B205A937E42E997303D1A /* Montserrat-ExtraBold.ttf */; };
		ACDA55D8D709499F84DDB72D /* OpenSans-SemiboldItalic.ttf in Resources */ = {isa = PBXBuildFile; fileRef = 5F30B8DEA6E34647A14D7475 /* OpenSans-SemiboldItalic.ttf */; };
		B5D60347A9F94F2BA6CF3D39 /* OpenSans-Regular.ttf in Resources */ = {isa = PBXBuildFile; fileRef = 8E83AC4C845D442B9CEDE889 /* OpenSans-Regular.ttf */; };
		B66A1668B73E4EFA83EA8567 /* Inter-SemiBoldItalic.ttf in Resources */ = {isa = PBXBuildFile; fileRef = D0059DD35EDB4AC3B871A4B0 /* Inter-SemiBoldItalic.ttf */; };
		B6C0A2819A3446A4A1A95D30 /* Montserrat-ExtraBoldItalic.ttf in Resources */ = {isa = PBXBuildFile; fileRef = 50091C7E0E9340E8B867E7D1 /* Montserrat-ExtraBoldItalic.ttf */; };
		B839BB63AB1C4B53AB1D3D46 /* Inter-Medium.ttf in Resources */ = {isa = PBXBuildFile; fileRef = 17AEBBF4F1174A06BB5A9AB0 /* Inter-Medium.ttf */; };
		B8D42D1F6BC54F0A925BAA1A /* Inter-Bold.ttf in Resources */ = {isa = PBXBuildFile; fileRef = 3065D17CEFFB4531BF528C2A /* Inter-Bold.ttf */; };
		BC69FEEA7E0B4C49BBFED9ED /* Montserrat-SemiBold.ttf in Resources */ = {isa = PBXBuildFile; fileRef = BE6AD870896A4494A86FFF53 /* Montserrat-SemiBold.ttf */; };
		C093FFB892844902AA62AA77 /* Sans-Italic.ttf in Resources */ = {isa = PBXBuildFile; fileRef = ECF0C56EE07841389368E0D7 /* Sans-Italic.ttf */; };
		CB05EDDE34084DEBBCECAB5E /* Montserrat-Black.ttf in Resources */ = {isa = PBXBuildFile; fileRef = 93AFD3EAD65746938BF29575 /* Montserrat-Black.ttf */; };
		CD117627A9504C88B1460642 /* Sans-Black.ttf in Resources */ = {isa = PBXBuildFile; fileRef = DD65A2A13ACC4A949D4904CA /* Sans-Black.ttf */; };
		CDE2E60F5BA8494C964A9B41 /* OpenSans-Bold.ttf in Resources */ = {isa = PBXBuildFile; fileRef = 9A52C0E110A046FEBF593DB2 /* OpenSans-Bold.ttf */; };
		CF2D303CF1C6491D8A88FF56 /* SourceSansPro-Bold.ttf in Resources */ = {isa = PBXBuildFile; fileRef = 3CB2FAA09FEF469EAB1A32E6 /* SourceSansPro-Bold.ttf */; };
		CFDF58CC37D44121B0A85232 /* Sans-Bold-Italic.ttf in Resources */ = {isa = PBXBuildFile; fileRef = F0C2AE0F0F424642BDC97B34 /* Sans-Bold-Italic.ttf */; };
		D29A38E68BA84EB9B5D3F324 /* Poppins-SemiBold.ttf in Resources */ = {isa = PBXBuildFile; fileRef = 96986AB8666E446DB41B2E43 /* Poppins-SemiBold.ttf */; };
		D5ED0AC123324F9DB43F8766 /* Inter-Thin-BETA.ttf in Resources */ = {isa = PBXBuildFile; fileRef = 1449ACD605D24DA1B4C60E98 /* Inter-Thin-BETA.ttf */; };
		DF54016A4995483382EE620A /* OpenSans-Light.ttf in Resources */ = {isa = PBXBuildFile; fileRef = 43F64B4A8A074FBC94673406 /* OpenSans-Light.ttf */; };
		E1913AA088B24125A9B3BFB3 /* Inter-BoldItalic.ttf in Resources */ = {isa = PBXBuildFile; fileRef = 112BB50644274251989701C4 /* Inter-BoldItalic.ttf */; };
		E576520F63CC4D15918127B3 /* GenBkBasBI.ttf in Resources */ = {isa = PBXBuildFile; fileRef = 3325D1F2A9804A8DA0E81D8E /* GenBkBasBI.ttf */; };
		EE5C6688B5164DACA5281FD5 /* Montserrat-Regular.ttf in Resources */ = {isa = PBXBuildFile; fileRef = D54F34F145694B23AE27A364 /* Montserrat-Regular.ttf */; };
		EFDC67C25BD54B05B396483A /* Montserrat-Medium.ttf in Resources */ = {isa = PBXBuildFile; fileRef = C691D54119D64D4D88A13613 /* Montserrat-Medium.ttf */; };
		F44C076421C343C9A658AB1C /* Montserrat-LightItalic.ttf in Resources */ = {isa = PBXBuildFile; fileRef = C1D54F15932640F3B7786A75 /* Montserrat-LightItalic.ttf */; };
		F5E4F45BA7AF47978753BF05 /* Inter-ExtraBold.ttf in Resources */ = {isa = PBXBuildFile; fileRef = 367B469FF28B46688F866C88 /* Inter-ExtraBold.ttf */; };
		F60D7BB23BDD446CA31ADA46 /* Sans-Regular.ttf in Resources */ = {isa = PBXBuildFile; fileRef = 03CC5A1E84CE423BA09F48D5 /* Sans-Regular.ttf */; };
		F8A5168AFDEE45DCB189AF87 /* SourceSansPro-Black.ttf in Resources */ = {isa = PBXBuildFile; fileRef = F105DA07395F472D8218E81E /* SourceSansPro-Black.ttf */; };
		FB9235C31D7240FD91397F15 /* Inter-LightItalic-BETA.ttf in Resources */ = {isa = PBXBuildFile; fileRef = 769C70F7B5EF4E428A69B2C5 /* Inter-LightItalic-BETA.ttf */; };
		FF02F02DAEB54B05B45F89AB /* Inter-Black.ttf in Resources */ = {isa = PBXBuildFile; fileRef = 18CB2A52D1644B159FB19D94 /* Inter-Black.ttf */; };
		FF8713085F0F4424AB724DA7 /* SourceSansPro-Semibold.ttf in Resources */ = {isa = PBXBuildFile; fileRef = D483CFD050174C1AB891C486 /* SourceSansPro-Semibold.ttf */; };
/* End PBXBuildFile section */

/* Begin PBXContainerItemProxy section */
		00E356F41AD99517003FC87E /* PBXContainerItemProxy */ = {
			isa = PBXContainerItemProxy;
			containerPortal = 83CBB9F71A601CBA00E9B192 /* Project object */;
			proxyType = 1;
			remoteGlobalIDString = 13B07F861A680F5B00A75B9A;
			remoteInfo = kickflicks;
		};
/* End PBXContainerItemProxy section */

/* Begin PBXFileReference section */
		00E356EE1AD99517003FC87E /* kickflicksTests.xctest */ = {isa = PBXFileReference; explicitFileType = wrapper.cfbundle; includeInIndex = 0; path = kickflicksTests.xctest; sourceTree = BUILT_PRODUCTS_DIR; };
		00E356F11AD99517003FC87E /* Info.plist */ = {isa = PBXFileReference; lastKnownFileType = text.plist.xml; path = Info.plist; sourceTree = "<group>"; };
		00E356F21AD99517003FC87E /* kickflicksTests.m */ = {isa = PBXFileReference; lastKnownFileType = sourcecode.c.objc; path = kickflicksTests.m; sourceTree = "<group>"; };
		03CC5A1E84CE423BA09F48D5 /* Sans-Regular.ttf */ = {isa = PBXFileReference; explicitFileType = undefined; fileEncoding = undefined; includeInIndex = 0; lastKnownFileType = unknown; name = "Sans-Regular.ttf"; path = "../Assets/Fonts/Sans-Regular.ttf"; sourceTree = "<group>"; };
		05CCEF23F38B4E658FD4080D /* GreatVibes-Regular.ttf */ = {isa = PBXFileReference; explicitFileType = undefined; fileEncoding = undefined; includeInIndex = 0; lastKnownFileType = unknown; name = "GreatVibes-Regular.ttf"; path = "../Assets/Fonts/GreatVibes-Regular.ttf"; sourceTree = "<group>"; };
		06B1A6498E744CDF8FF16582 /* SourceSansPro-Regular.ttf */ = {isa = PBXFileReference; explicitFileType = undefined; fileEncoding = undefined; includeInIndex = 0; lastKnownFileType = unknown; name = "SourceSansPro-Regular.ttf"; path = "../Assets/Fonts/SourceSansPro-Regular.ttf"; sourceTree = "<group>"; };
		0F6391BDD897451280B28ACF /* Sans-Bold.ttf */ = {isa = PBXFileReference; explicitFileType = undefined; fileEncoding = undefined; includeInIndex = 0; lastKnownFileType = unknown; name = "Sans-Bold.ttf"; path = "../Assets/Fonts/Sans-Bold.ttf"; sourceTree = "<group>"; };
		112BB50644274251989701C4 /* Inter-BoldItalic.ttf */ = {isa = PBXFileReference; explicitFileType = undefined; fileEncoding = undefined; includeInIndex = 0; lastKnownFileType = unknown; name = "Inter-BoldItalic.ttf"; path = "../Assets/Fonts/Inter-BoldItalic.ttf"; sourceTree = "<group>"; };
		13B07F961A680F5B00A75B9A /* kickflicks.app */ = {isa = PBXFileReference; explicitFileType = wrapper.application; includeInIndex = 0; path = kickflicks.app; sourceTree = BUILT_PRODUCTS_DIR; };
		13B07FAF1A68108700A75B9A /* AppDelegate.h */ = {isa = PBXFileReference; fileEncoding = 4; lastKnownFileType = sourcecode.c.h; name = AppDelegate.h; path = kickflicks/AppDelegate.h; sourceTree = "<group>"; };
		13B07FB01A68108700A75B9A /* AppDelegate.mm */ = {isa = PBXFileReference; fileEncoding = 4; lastKnownFileType = sourcecode.cpp.objcpp; name = AppDelegate.mm; path = kickflicks/AppDelegate.mm; sourceTree = "<group>"; };
		13B07FB51A68108700A75B9A /* Images.xcassets */ = {isa = PBXFileReference; lastKnownFileType = folder.assetcatalog; name = Images.xcassets; path = kickflicks/Images.xcassets; sourceTree = "<group>"; };
		13B07FB61A68108700A75B9A /* Info.plist */ = {isa = PBXFileReference; fileEncoding = 4; lastKnownFileType = text.plist.xml; name = Info.plist; path = kickflicks/Info.plist; sourceTree = "<group>"; };
		13B07FB71A68108700A75B9A /* main.m */ = {isa = PBXFileReference; fileEncoding = 4; lastKnownFileType = sourcecode.c.objc; name = main.m; path = kickflicks/main.m; sourceTree = "<group>"; };
		1449ACD605D24DA1B4C60E98 /* Inter-Thin-BETA.ttf */ = {isa = PBXFileReference; explicitFileType = undefined; fileEncoding = undefined; includeInIndex = 0; lastKnownFileType = unknown; name = "Inter-Thin-BETA.ttf"; path = "../Assets/Fonts/Inter-Thin-BETA.ttf"; sourceTree = "<group>"; };
		15915A348EF841BDA726FBBE /* OpenSans-Semibold.ttf */ = {isa = PBXFileReference; explicitFileType = undefined; fileEncoding = undefined; includeInIndex = 0; lastKnownFileType = unknown; name = "OpenSans-Semibold.ttf"; path = "../Assets/Fonts/OpenSans-Semibold.ttf"; sourceTree = "<group>"; };
		17AEBBF4F1174A06BB5A9AB0 /* Inter-Medium.ttf */ = {isa = PBXFileReference; explicitFileType = undefined; fileEncoding = undefined; includeInIndex = 0; lastKnownFileType = unknown; name = "Inter-Medium.ttf"; path = "../Assets/Fonts/Inter-Medium.ttf"; sourceTree = "<group>"; };
		18136C21281442DEA3396997 /* Poppins-Regular.ttf */ = {isa = PBXFileReference; explicitFileType = undefined; fileEncoding = undefined; includeInIndex = 0; lastKnownFileType = unknown; name = "Poppins-Regular.ttf"; path = "../Assets/Fonts/Poppins-Regular.ttf"; sourceTree = "<group>"; };
		18CB2A52D1644B159FB19D94 /* Inter-Black.ttf */ = {isa = PBXFileReference; explicitFileType = undefined; fileEncoding = undefined; includeInIndex = 0; lastKnownFileType = unknown; name = "Inter-Black.ttf"; path = "../Assets/Fonts/Inter-Black.ttf"; sourceTree = "<group>"; };
		191E80CABF144CCBA6725468 /* Poppins-Medium.ttf */ = {isa = PBXFileReference; explicitFileType = undefined; fileEncoding = undefined; includeInIndex = 0; lastKnownFileType = unknown; name = "Poppins-Medium.ttf"; path = "../Assets/Fonts/Poppins-Medium.ttf"; sourceTree = "<group>"; };
		19F6CBCC0A4E27FBF8BF4A61 /* libPods-kickflicks-kickflicksTests.a */ = {isa = PBXFileReference; explicitFileType = archive.ar; includeInIndex = 0; path = "libPods-kickflicks-kickflicksTests.a"; sourceTree = BUILT_PRODUCTS_DIR; };
		1DA6522678174083A0FA6658 /* SourceSansPro-ExtraLightItalic.ttf */ = {isa = PBXFileReference; explicitFileType = undefined; fileEncoding = undefined; includeInIndex = 0; lastKnownFileType = unknown; name = "SourceSansPro-ExtraLightItalic.ttf"; path = "../Assets/Fonts/SourceSansPro-ExtraLightItalic.ttf"; sourceTree = "<group>"; };
		1FE7212CDE18480D97103FE5 /* SourceSansPro-Light.ttf */ = {isa = PBXFileReference; explicitFileType = undefined; fileEncoding = undefined; includeInIndex = 0; lastKnownFileType = unknown; name = "SourceSansPro-Light.ttf"; path = "../Assets/Fonts/SourceSansPro-Light.ttf"; sourceTree = "<group>"; };
		24DD41C8BB194DAE92B33F22 /* SourceSansPro-ExtraLight.ttf */ = {isa = PBXFileReference; explicitFileType = undefined; fileEncoding = undefined; includeInIndex = 0; lastKnownFileType = unknown; name = "SourceSansPro-ExtraLight.ttf"; path = "../Assets/Fonts/SourceSansPro-ExtraLight.ttf"; sourceTree = "<group>"; };
		25BAEEF5C0964C4EBADE610F /* Inter-ExtraLight-BETA.ttf */ = {isa = PBXFileReference; explicitFileType = undefined; fileEncoding = undefined; includeInIndex = 0; lastKnownFileType = unknown; name = "Inter-ExtraLight-BETA.ttf"; path = "../Assets/Fonts/Inter-ExtraLight-BETA.ttf"; sourceTree = "<group>"; };
		2F4606D6A07E430999F804C6 /* OpenSans-BoldItalic.ttf */ = {isa = PBXFileReference; explicitFileType = undefined; fileEncoding = undefined; includeInIndex = 0; lastKnownFileType = unknown; name = "OpenSans-BoldItalic.ttf"; path = "../Assets/Fonts/OpenSans-BoldItalic.ttf"; sourceTree = "<group>"; };
		3065D17CEFFB4531BF528C2A /* Inter-Bold.ttf */ = {isa = PBXFileReference; explicitFileType = undefined; fileEncoding = undefined; includeInIndex = 0; lastKnownFileType = unknown; name = "Inter-Bold.ttf"; path = "../Assets/Fonts/Inter-Bold.ttf"; sourceTree = "<group>"; };
		3325D1F2A9804A8DA0E81D8E /* GenBkBasBI.ttf */ = {isa = PBXFileReference; explicitFileType = undefined; fileEncoding = undefined; includeInIndex = 0; lastKnownFileType = unknown; name = GenBkBasBI.ttf; path = ../Assets/Fonts/GenBkBasBI.ttf; sourceTree = "<group>"; };
		367B469FF28B46688F866C88 /* Inter-ExtraBold.ttf */ = {isa = PBXFileReference; explicitFileType = undefined; fileEncoding = undefined; includeInIndex = 0; lastKnownFileType = unknown; name = "Inter-ExtraBold.ttf"; path = "../Assets/Fonts/Inter-ExtraBold.ttf"; sourceTree = "<group>"; };
		3A29828422FC419AB3CA037C /* Montserrat-SemiBoldItalic.ttf */ = {isa = PBXFileReference; explicitFileType = undefined; fileEncoding = undefined; includeInIndex = 0; lastKnownFileType = unknown; name = "Montserrat-SemiBoldItalic.ttf"; path = "../Assets/Fonts/Montserrat-SemiBoldItalic.ttf"; sourceTree = "<group>"; };
		3B4392A12AC88292D35C810B /* Pods-kickflicks.debug.xcconfig */ = {isa = PBXFileReference; includeInIndex = 1; lastKnownFileType = text.xcconfig; name = "Pods-kickflicks.debug.xcconfig"; path = "Target Support Files/Pods-kickflicks/Pods-kickflicks.debug.xcconfig"; sourceTree = "<group>"; };
		3CB2FAA09FEF469EAB1A32E6 /* SourceSansPro-Bold.ttf */ = {isa = PBXFileReference; explicitFileType = undefined; fileEncoding = undefined; includeInIndex = 0; lastKnownFileType = unknown; name = "SourceSansPro-Bold.ttf"; path = "../Assets/Fonts/SourceSansPro-Bold.ttf"; sourceTree = "<group>"; };
		40DFE343816A44EBB1F4AC37 /* Inter-ExtraBoldItalic.ttf */ = {isa = PBXFileReference; explicitFileType = undefined; fileEncoding = undefined; includeInIndex = 0; lastKnownFileType = unknown; name = "Inter-ExtraBoldItalic.ttf"; path = "../Assets/Fonts/Inter-ExtraBoldItalic.ttf"; sourceTree = "<group>"; };
		4192EDC5164D4DBEAF19EEEF /* Montserrat-ExtraLight.ttf */ = {isa = PBXFileReference; explicitFileType = undefined; fileEncoding = undefined; includeInIndex = 0; lastKnownFileType = unknown; name = "Montserrat-ExtraLight.ttf"; path = "../Assets/Fonts/Montserrat-ExtraLight.ttf"; sourceTree = "<group>"; };
		43F64B4A8A074FBC94673406 /* OpenSans-Light.ttf */ = {isa = PBXFileReference; explicitFileType = undefined; fileEncoding = undefined; includeInIndex = 0; lastKnownFileType = unknown; name = "OpenSans-Light.ttf"; path = "../Assets/Fonts/OpenSans-Light.ttf"; sourceTree = "<group>"; };
		47B5A1ECCCE5455EB2211108 /* OpenSans-LightItalic.ttf */ = {isa = PBXFileReference; explicitFileType = undefined; fileEncoding = undefined; includeInIndex = 0; lastKnownFileType = unknown; name = "OpenSans-LightItalic.ttf"; path = "../Assets/Fonts/OpenSans-LightItalic.ttf"; sourceTree = "<group>"; };
		4956E84384B9407793306222 /* OpenSans-ExtraBoldItalic.ttf */ = {isa = PBXFileReference; explicitFileType = undefined; fileEncoding = undefined; includeInIndex = 0; lastKnownFileType = unknown; name = "OpenSans-ExtraBoldItalic.ttf"; path = "../Assets/Fonts/OpenSans-ExtraBoldItalic.ttf"; sourceTree = "<group>"; };
		4C408149C4FF4B8F97B8A2D5 /* Inter-UI-BlackItalic.ttf */ = {isa = PBXFileReference; explicitFileType = undefined; fileEncoding = undefined; includeInIndex = 0; lastKnownFileType = unknown; name = "Inter-UI-BlackItalic.ttf"; path = "../Assets/Fonts/Inter-UI-BlackItalic.ttf"; sourceTree = "<group>"; };
		4FE019E10C2841668BF89639 /* Montserrat-Bold.ttf */ = {isa = PBXFileReference; explicitFileType = undefined; fileEncoding = undefined; includeInIndex = 0; lastKnownFileType = unknown; name = "Montserrat-Bold.ttf"; path = "../Assets/Fonts/Montserrat-Bold.ttf"; sourceTree = "<group>"; };
		50091C7E0E9340E8B867E7D1 /* Montserrat-ExtraBoldItalic.ttf */ = {isa = PBXFileReference; explicitFileType = undefined; fileEncoding = undefined; includeInIndex = 0; lastKnownFileType = unknown; name = "Montserrat-ExtraBoldItalic.ttf"; path = "../Assets/Fonts/Montserrat-ExtraBoldItalic.ttf"; sourceTree = "<group>"; };
		549105B87C9E4F18B401B47D /* SourceSansPro-BlackItalic.ttf */ = {isa = PBXFileReference; explicitFileType = undefined; fileEncoding = undefined; includeInIndex = 0; lastKnownFileType = unknown; name = "SourceSansPro-BlackItalic.ttf"; path = "../Assets/Fonts/SourceSansPro-BlackItalic.ttf"; sourceTree = "<group>"; };
		5558970AB86642D29C2B6F9A /* Montserrat-ThinItalic.ttf */ = {isa = PBXFileReference; explicitFileType = undefined; fileEncoding = undefined; includeInIndex = 0; lastKnownFileType = unknown; name = "Montserrat-ThinItalic.ttf"; path = "../Assets/Fonts/Montserrat-ThinItalic.ttf"; sourceTree = "<group>"; };
		56EA13490F7D43C382A48AB4 /* Inter-SemiBold.ttf */ = {isa = PBXFileReference; explicitFileType = undefined; fileEncoding = undefined; includeInIndex = 0; lastKnownFileType = unknown; name = "Inter-SemiBold.ttf"; path = "../Assets/Fonts/Inter-SemiBold.ttf"; sourceTree = "<group>"; };
		5709B34CF0A7D63546082F79 /* Pods-kickflicks.release.xcconfig */ = {isa = PBXFileReference; includeInIndex = 1; lastKnownFileType = text.xcconfig; name = "Pods-kickflicks.release.xcconfig"; path = "Target Support Files/Pods-kickflicks/Pods-kickflicks.release.xcconfig"; sourceTree = "<group>"; };
		59CFFF96A5214D3AA2B7EB9F /* Inter-ThinItalic-BETA.ttf */ = {isa = PBXFileReference; explicitFileType = undefined; fileEncoding = undefined; includeInIndex = 0; lastKnownFileType = unknown; name = "Inter-ThinItalic-BETA.ttf"; path = "../Assets/Fonts/Inter-ThinItalic-BETA.ttf"; sourceTree = "<group>"; };
		5B7EB9410499542E8C5724F5 /* Pods-kickflicks-kickflicksTests.debug.xcconfig */ = {isa = PBXFileReference; includeInIndex = 1; lastKnownFileType = text.xcconfig; name = "Pods-kickflicks-kickflicksTests.debug.xcconfig"; path = "Target Support Files/Pods-kickflicks-kickflicksTests/Pods-kickflicks-kickflicksTests.debug.xcconfig"; sourceTree = "<group>"; };
		5D259128B93647D393CB8154 /* OpenSans-ExtraBold.ttf */ = {isa = PBXFileReference; explicitFileType = undefined; fileEncoding = undefined; includeInIndex = 0; lastKnownFileType = unknown; name = "OpenSans-ExtraBold.ttf"; path = "../Assets/Fonts/OpenSans-ExtraBold.ttf"; sourceTree = "<group>"; };
		5DCACB8F33CDC322A6C60F78 /* libPods-kickflicks.a */ = {isa = PBXFileReference; explicitFileType = archive.ar; includeInIndex = 0; path = "libPods-kickflicks.a"; sourceTree = BUILT_PRODUCTS_DIR; };
		5F0EB2CB55C74A6A9A91EF86 /* Inter-Italic.ttf */ = {isa = PBXFileReference; explicitFileType = undefined; fileEncoding = undefined; includeInIndex = 0; lastKnownFileType = unknown; name = "Inter-Italic.ttf"; path = "../Assets/Fonts/Inter-Italic.ttf"; sourceTree = "<group>"; };
		5F30B8DEA6E34647A14D7475 /* OpenSans-SemiboldItalic.ttf */ = {isa = PBXFileReference; explicitFileType = undefined; fileEncoding = undefined; includeInIndex = 0; lastKnownFileType = unknown; name = "OpenSans-SemiboldItalic.ttf"; path = "../Assets/Fonts/OpenSans-SemiboldItalic.ttf"; sourceTree = "<group>"; };
		62CE3A7ADEF54B89BD90BDA5 /* GenBkBasItalic.ttf */ = {isa = PBXFileReference; explicitFileType = undefined; fileEncoding = undefined; includeInIndex = 0; lastKnownFileType = unknown; name = GenBkBasItalic.ttf; path = ../Assets/Fonts/GenBkBasItalic.ttf; sourceTree = "<group>"; };
		6BDFE8E94673456FA564541C /* OpenSans-Italic.ttf */ = {isa = PBXFileReference; explicitFileType = undefined; fileEncoding = undefined; includeInIndex = 0; lastKnownFileType = unknown; name = "OpenSans-Italic.ttf"; path = "../Assets/Fonts/OpenSans-Italic.ttf"; sourceTree = "<group>"; };
		6EB46B56FD0C42C7BBF0189D /* Poppins-Light.ttf */ = {isa = PBXFileReference; explicitFileType = undefined; fileEncoding = undefined; includeInIndex = 0; lastKnownFileType = unknown; name = "Poppins-Light.ttf"; path = "../Assets/Fonts/Poppins-Light.ttf"; sourceTree = "<group>"; };
		769C70F7B5EF4E428A69B2C5 /* Inter-LightItalic-BETA.ttf */ = {isa = PBXFileReference; explicitFileType = undefined; fileEncoding = undefined; includeInIndex = 0; lastKnownFileType = unknown; name = "Inter-LightItalic-BETA.ttf"; path = "../Assets/Fonts/Inter-LightItalic-BETA.ttf"; sourceTree = "<group>"; };
		79911C4ABC694ACAB14720C6 /* Montserrat-Italic.ttf */ = {isa = PBXFileReference; explicitFileType = undefined; fileEncoding = undefined; includeInIndex = 0; lastKnownFileType = unknown; name = "Montserrat-Italic.ttf"; path = "../Assets/Fonts/Montserrat-Italic.ttf"; sourceTree = "<group>"; };
		7E43A903A17D49619F19AFC0 /* GenBkBasB.ttf */ = {isa = PBXFileReference; explicitFileType = undefined; fileEncoding = undefined; includeInIndex = 0; lastKnownFileType = unknown; name = GenBkBasB.ttf; path = ../Assets/Fonts/GenBkBasB.ttf; sourceTree = "<group>"; };
		81AB9BB72411601600AC10FF /* LaunchScreen.storyboard */ = {isa = PBXFileReference; fileEncoding = 4; lastKnownFileType = file.storyboard; name = LaunchScreen.storyboard; path = kickflicks/LaunchScreen.storyboard; sourceTree = "<group>"; };
		86B30D23742841B185793A07 /* Inter-MediumItalic.ttf */ = {isa = PBXFileReference; explicitFileType = undefined; fileEncoding = undefined; includeInIndex = 0; lastKnownFileType = unknown; name = "Inter-MediumItalic.ttf"; path = "../Assets/Fonts/Inter-MediumItalic.ttf"; sourceTree = "<group>"; };
		89C6BE57DB24E9ADA2F236DE /* Pods-kickflicks-kickflicksTests.release.xcconfig */ = {isa = PBXFileReference; includeInIndex = 1; lastKnownFileType = text.xcconfig; name = "Pods-kickflicks-kickflicksTests.release.xcconfig"; path = "Target Support Files/Pods-kickflicks-kickflicksTests/Pods-kickflicks-kickflicksTests.release.xcconfig"; sourceTree = "<group>"; };
		8B75FC7D422448BD84D8B269 /* SourceSansPro-SemiboldItalic.ttf */ = {isa = PBXFileReference; explicitFileType = undefined; fileEncoding = undefined; includeInIndex = 0; lastKnownFileType = unknown; name = "SourceSansPro-SemiboldItalic.ttf"; path = "../Assets/Fonts/SourceSansPro-SemiboldItalic.ttf"; sourceTree = "<group>"; };
		8E83AC4C845D442B9CEDE889 /* OpenSans-Regular.ttf */ = {isa = PBXFileReference; explicitFileType = undefined; fileEncoding = undefined; includeInIndex = 0; lastKnownFileType = unknown; name = "OpenSans-Regular.ttf"; path = "../Assets/Fonts/OpenSans-Regular.ttf"; sourceTree = "<group>"; };
		93AFD3EAD65746938BF29575 /* Montserrat-Black.ttf */ = {isa = PBXFileReference; explicitFileType = undefined; fileEncoding = undefined; includeInIndex = 0; lastKnownFileType = unknown; name = "Montserrat-Black.ttf"; path = "../Assets/Fonts/Montserrat-Black.ttf"; sourceTree = "<group>"; };
		95C154DD92794207963B4F07 /* SourceSansPro-BoldItalic.ttf */ = {isa = PBXFileReference; explicitFileType = undefined; fileEncoding = undefined; includeInIndex = 0; lastKnownFileType = unknown; name = "SourceSansPro-BoldItalic.ttf"; path = "../Assets/Fonts/SourceSansPro-BoldItalic.ttf"; sourceTree = "<group>"; };
		96986AB8666E446DB41B2E43 /* Poppins-SemiBold.ttf */ = {isa = PBXFileReference; explicitFileType = undefined; fileEncoding = undefined; includeInIndex = 0; lastKnownFileType = unknown; name = "Poppins-SemiBold.ttf"; path = "../Assets/Fonts/Poppins-SemiBold.ttf"; sourceTree = "<group>"; };
		9A52C0E110A046FEBF593DB2 /* OpenSans-Bold.ttf */ = {isa = PBXFileReference; explicitFileType = undefined; fileEncoding = undefined; includeInIndex = 0; lastKnownFileType = unknown; name = "OpenSans-Bold.ttf"; path = "../Assets/Fonts/OpenSans-Bold.ttf"; sourceTree = "<group>"; };
		A00C0B91DEA3435EBA2DBF2E /* Inter-Light-BETA.ttf */ = {isa = PBXFileReference; explicitFileType = undefined; fileEncoding = undefined; includeInIndex = 0; lastKnownFileType = unknown; name = "Inter-Light-BETA.ttf"; path = "../Assets/Fonts/Inter-Light-BETA.ttf"; sourceTree = "<group>"; };
		A7B6A6F2C8CD4CB6BEDD9161 /* Poppins-Black.ttf */ = {isa = PBXFileReference; explicitFileType = undefined; fileEncoding = undefined; includeInIndex = 0; lastKnownFileType = unknown; name = "Poppins-Black.ttf"; path = "../Assets/Fonts/Poppins-Black.ttf"; sourceTree = "<group>"; };
		A8F90430E7144B9099EB02C1 /* Inter-ExtraLightItalic-BETA.ttf */ = {isa = PBXFileReference; explicitFileType = undefined; fileEncoding = undefined; includeInIndex = 0; lastKnownFileType = unknown; name = "Inter-ExtraLightItalic-BETA.ttf"; path = "../Assets/Fonts/Inter-ExtraLightItalic-BETA.ttf"; sourceTree = "<group>"; };
		B24F70BC284E463989B99F84 /* SourceSansPro-Italic.ttf */ = {isa = PBXFileReference; explicitFileType = undefined; fileEncoding = undefined; includeInIndex = 0; lastKnownFileType = unknown; name = "SourceSansPro-Italic.ttf"; path = "../Assets/Fonts/SourceSansPro-Italic.ttf"; sourceTree = "<group>"; };
		B44F2AC5CABD4178BE0F91B4 /* Montserrat-Thin.ttf */ = {isa = PBXFileReference; explicitFileType = undefined; fileEncoding = undefined; includeInIndex = 0; lastKnownFileType = unknown; name = "Montserrat-Thin.ttf"; path = "../Assets/Fonts/Montserrat-Thin.ttf"; sourceTree = "<group>"; };
		B4F61ED528804527B41A3473 /* Montserrat-Light.ttf */ = {isa = PBXFileReference; explicitFileType = undefined; fileEncoding = undefined; includeInIndex = 0; lastKnownFileType = unknown; name = "Montserrat-Light.ttf"; path = "../Assets/Fonts/Montserrat-Light.ttf"; sourceTree = "<group>"; };
		BD81C14B36B34E6998563A1C /* SourceSansPro-LightItalic.ttf */ = {isa = PBXFileReference; explicitFileType = undefined; fileEncoding = undefined; includeInIndex = 0; lastKnownFileType = unknown; name = "SourceSansPro-LightItalic.ttf"; path = "../Assets/Fonts/SourceSansPro-LightItalic.ttf"; sourceTree = "<group>"; };
		BE6AD870896A4494A86FFF53 /* Montserrat-SemiBold.ttf */ = {isa = PBXFileReference; explicitFileType = undefined; fileEncoding = undefined; includeInIndex = 0; lastKnownFileType = unknown; name = "Montserrat-SemiBold.ttf"; path = "../Assets/Fonts/Montserrat-SemiBold.ttf"; sourceTree = "<group>"; };
		C1D54F15932640F3B7786A75 /* Montserrat-LightItalic.ttf */ = {isa = PBXFileReference; explicitFileType = undefined; fileEncoding = undefined; includeInIndex = 0; lastKnownFileType = unknown; name = "Montserrat-LightItalic.ttf"; path = "../Assets/Fonts/Montserrat-LightItalic.ttf"; sourceTree = "<group>"; };
		C691D54119D64D4D88A13613 /* Montserrat-Medium.ttf */ = {isa = PBXFileReference; explicitFileType = undefined; fileEncoding = undefined; includeInIndex = 0; lastKnownFileType = unknown; name = "Montserrat-Medium.ttf"; path = "../Assets/Fonts/Montserrat-Medium.ttf"; sourceTree = "<group>"; };
		C721A9E22FEB46E99D4FA22C /* Montserrat-BlackItalic.ttf */ = {isa = PBXFileReference; explicitFileType = undefined; fileEncoding = undefined; includeInIndex = 0; lastKnownFileType = unknown; name = "Montserrat-BlackItalic.ttf"; path = "../Assets/Fonts/Montserrat-BlackItalic.ttf"; sourceTree = "<group>"; };
		D0059DD35EDB4AC3B871A4B0 /* Inter-SemiBoldItalic.ttf */ = {isa = PBXFileReference; explicitFileType = undefined; fileEncoding = undefined; includeInIndex = 0; lastKnownFileType = unknown; name = "Inter-SemiBoldItalic.ttf"; path = "../Assets/Fonts/Inter-SemiBoldItalic.ttf"; sourceTree = "<group>"; };
		D082E7BB68B74506B51E14F0 /* Montserrat-BoldItalic.ttf */ = {isa = PBXFileReference; explicitFileType = undefined; fileEncoding = undefined; includeInIndex = 0; lastKnownFileType = unknown; name = "Montserrat-BoldItalic.ttf"; path = "../Assets/Fonts/Montserrat-BoldItalic.ttf"; sourceTree = "<group>"; };
		D483CFD050174C1AB891C486 /* SourceSansPro-Semibold.ttf */ = {isa = PBXFileReference; explicitFileType = undefined; fileEncoding = undefined; includeInIndex = 0; lastKnownFileType = unknown; name = "SourceSansPro-Semibold.ttf"; path = "../Assets/Fonts/SourceSansPro-Semibold.ttf"; sourceTree = "<group>"; };
		D54F34F145694B23AE27A364 /* Montserrat-Regular.ttf */ = {isa = PBXFileReference; explicitFileType = undefined; fileEncoding = undefined; includeInIndex = 0; lastKnownFileType = unknown; name = "Montserrat-Regular.ttf"; path = "../Assets/Fonts/Montserrat-Regular.ttf"; sourceTree = "<group>"; };
		DB3F97F63AB443E9AF425794 /* Inter-Regular.ttf */ = {isa = PBXFileReference; explicitFileType = undefined; fileEncoding = undefined; includeInIndex = 0; lastKnownFileType = unknown; name = "Inter-Regular.ttf"; path = "../Assets/Fonts/Inter-Regular.ttf"; sourceTree = "<group>"; };
		DD65A2A13ACC4A949D4904CA /* Sans-Black.ttf */ = {isa = PBXFileReference; explicitFileType = undefined; fileEncoding = undefined; includeInIndex = 0; lastKnownFileType = unknown; name = "Sans-Black.ttf"; path = "../Assets/Fonts/Sans-Black.ttf"; sourceTree = "<group>"; };
		E0B11C0266754C4B892C1207 /* Montserrat-MediumItalic.ttf */ = {isa = PBXFileReference; explicitFileType = undefined; fileEncoding = undefined; includeInIndex = 0; lastKnownFileType = unknown; name = "Montserrat-MediumItalic.ttf"; path = "../Assets/Fonts/Montserrat-MediumItalic.ttf"; sourceTree = "<group>"; };
		E0E3755C4A0A43AFAC62DEAE /* Poppins-Bold.ttf */ = {isa = PBXFileReference; explicitFileType = undefined; fileEncoding = undefined; includeInIndex = 0; lastKnownFileType = unknown; name = "Poppins-Bold.ttf"; path = "../Assets/Fonts/Poppins-Bold.ttf"; sourceTree = "<group>"; };
		E11B205A937E42E997303D1A /* Montserrat-ExtraBold.ttf */ = {isa = PBXFileReference; explicitFileType = undefined; fileEncoding = undefined; includeInIndex = 0; lastKnownFileType = unknown; name = "Montserrat-ExtraBold.ttf"; path = "../Assets/Fonts/Montserrat-ExtraBold.ttf"; sourceTree = "<group>"; };
		ECF0C56EE07841389368E0D7 /* Sans-Italic.ttf */ = {isa = PBXFileReference; explicitFileType = undefined; fileEncoding = undefined; includeInIndex = 0; lastKnownFileType = unknown; name = "Sans-Italic.ttf"; path = "../Assets/Fonts/Sans-Italic.ttf"; sourceTree = "<group>"; };
		ED297162215061F000B7C4FE /* JavaScriptCore.framework */ = {isa = PBXFileReference; lastKnownFileType = wrapper.framework; name = JavaScriptCore.framework; path = System/Library/Frameworks/JavaScriptCore.framework; sourceTree = SDKROOT; };
		EECDAA2A310344E0B87A93B8 /* Montserrat-ExtraLightItalic.ttf */ = {isa = PBXFileReference; explicitFileType = undefined; fileEncoding = undefined; includeInIndex = 0; lastKnownFileType = unknown; name = "Montserrat-ExtraLightItalic.ttf"; path = "../Assets/Fonts/Montserrat-ExtraLightItalic.ttf"; sourceTree = "<group>"; };
		F0C2AE0F0F424642BDC97B34 /* Sans-Bold-Italic.ttf */ = {isa = PBXFileReference; explicitFileType = undefined; fileEncoding = undefined; includeInIndex = 0; lastKnownFileType = unknown; name = "Sans-Bold-Italic.ttf"; path = "../Assets/Fonts/Sans-Bold-Italic.ttf"; sourceTree = "<group>"; };
		F105DA07395F472D8218E81E /* SourceSansPro-Black.ttf */ = {isa = PBXFileReference; explicitFileType = undefined; fileEncoding = undefined; includeInIndex = 0; lastKnownFileType = unknown; name = "SourceSansPro-Black.ttf"; path = "../Assets/Fonts/SourceSansPro-Black.ttf"; sourceTree = "<group>"; };
		F8498D090FCF490BA5817E14 /* GenBkBasR.ttf */ = {isa = PBXFileReference; explicitFileType = undefined; fileEncoding = undefined; includeInIndex = 0; lastKnownFileType = unknown; name = GenBkBasR.ttf; path = ../Assets/Fonts/GenBkBasR.ttf; sourceTree = "<group>"; };
/* End PBXFileReference section */

/* Begin PBXFrameworksBuildPhase section */
		00E356EB1AD99517003FC87E /* Frameworks */ = {
			isa = PBXFrameworksBuildPhase;
			buildActionMask = 2147483647;
			files = (
				7699B88040F8A987B510C191 /* libPods-kickflicks-kickflicksTests.a in Frameworks */,
			);
			runOnlyForDeploymentPostprocessing = 0;
		};
		13B07F8C1A680F5B00A75B9A /* Frameworks */ = {
			isa = PBXFrameworksBuildPhase;
			buildActionMask = 2147483647;
			files = (
				0C80B921A6F3F58F76C31292 /* libPods-kickflicks.a in Frameworks */,
			);
			runOnlyForDeploymentPostprocessing = 0;
		};
/* End PBXFrameworksBuildPhase section */

/* Begin PBXGroup section */
		00E356EF1AD99517003FC87E /* kickflicksTests */ = {
			isa = PBXGroup;
			children = (
				00E356F21AD99517003FC87E /* kickflicksTests.m */,
				00E356F01AD99517003FC87E /* Supporting Files */,
			);
			path = kickflicksTests;
			sourceTree = "<group>";
		};
		00E356F01AD99517003FC87E /* Supporting Files */ = {
			isa = PBXGroup;
			children = (
				00E356F11AD99517003FC87E /* Info.plist */,
			);
			name = "Supporting Files";
			sourceTree = "<group>";
		};
		13B07FAE1A68108700A75B9A /* kickflicks */ = {
			isa = PBXGroup;
			children = (
				13B07FAF1A68108700A75B9A /* AppDelegate.h */,
				13B07FB01A68108700A75B9A /* AppDelegate.mm */,
				13B07FB51A68108700A75B9A /* Images.xcassets */,
				13B07FB61A68108700A75B9A /* Info.plist */,
				81AB9BB72411601600AC10FF /* LaunchScreen.storyboard */,
				13B07FB71A68108700A75B9A /* main.m */,
			);
			name = kickflicks;
			sourceTree = "<group>";
		};
		2D16E6871FA4F8E400B85C8A /* Frameworks */ = {
			isa = PBXGroup;
			children = (
				ED297162215061F000B7C4FE /* JavaScriptCore.framework */,
				5DCACB8F33CDC322A6C60F78 /* libPods-kickflicks.a */,
				19F6CBCC0A4E27FBF8BF4A61 /* libPods-kickflicks-kickflicksTests.a */,
			);
			name = Frameworks;
			sourceTree = "<group>";
		};
		411DF99E5C7E4975A2CAEE53 /* Resources */ = {
			isa = PBXGroup;
			children = (
				7E43A903A17D49619F19AFC0 /* GenBkBasB.ttf */,
				3325D1F2A9804A8DA0E81D8E /* GenBkBasBI.ttf */,
				62CE3A7ADEF54B89BD90BDA5 /* GenBkBasItalic.ttf */,
				F8498D090FCF490BA5817E14 /* GenBkBasR.ttf */,
				05CCEF23F38B4E658FD4080D /* GreatVibes-Regular.ttf */,
				18CB2A52D1644B159FB19D94 /* Inter-Black.ttf */,
				3065D17CEFFB4531BF528C2A /* Inter-Bold.ttf */,
				112BB50644274251989701C4 /* Inter-BoldItalic.ttf */,
				367B469FF28B46688F866C88 /* Inter-ExtraBold.ttf */,
				40DFE343816A44EBB1F4AC37 /* Inter-ExtraBoldItalic.ttf */,
				25BAEEF5C0964C4EBADE610F /* Inter-ExtraLight-BETA.ttf */,
				A8F90430E7144B9099EB02C1 /* Inter-ExtraLightItalic-BETA.ttf */,
				5F0EB2CB55C74A6A9A91EF86 /* Inter-Italic.ttf */,
				A00C0B91DEA3435EBA2DBF2E /* Inter-Light-BETA.ttf */,
				769C70F7B5EF4E428A69B2C5 /* Inter-LightItalic-BETA.ttf */,
				17AEBBF4F1174A06BB5A9AB0 /* Inter-Medium.ttf */,
				86B30D23742841B185793A07 /* Inter-MediumItalic.ttf */,
				DB3F97F63AB443E9AF425794 /* Inter-Regular.ttf */,
				56EA13490F7D43C382A48AB4 /* Inter-SemiBold.ttf */,
				D0059DD35EDB4AC3B871A4B0 /* Inter-SemiBoldItalic.ttf */,
				1449ACD605D24DA1B4C60E98 /* Inter-Thin-BETA.ttf */,
				59CFFF96A5214D3AA2B7EB9F /* Inter-ThinItalic-BETA.ttf */,
				4C408149C4FF4B8F97B8A2D5 /* Inter-UI-BlackItalic.ttf */,
				93AFD3EAD65746938BF29575 /* Montserrat-Black.ttf */,
				C721A9E22FEB46E99D4FA22C /* Montserrat-BlackItalic.ttf */,
				4FE019E10C2841668BF89639 /* Montserrat-Bold.ttf */,
				D082E7BB68B74506B51E14F0 /* Montserrat-BoldItalic.ttf */,
				E11B205A937E42E997303D1A /* Montserrat-ExtraBold.ttf */,
				50091C7E0E9340E8B867E7D1 /* Montserrat-ExtraBoldItalic.ttf */,
				4192EDC5164D4DBEAF19EEEF /* Montserrat-ExtraLight.ttf */,
				EECDAA2A310344E0B87A93B8 /* Montserrat-ExtraLightItalic.ttf */,
				79911C4ABC694ACAB14720C6 /* Montserrat-Italic.ttf */,
				B4F61ED528804527B41A3473 /* Montserrat-Light.ttf */,
				C1D54F15932640F3B7786A75 /* Montserrat-LightItalic.ttf */,
				C691D54119D64D4D88A13613 /* Montserrat-Medium.ttf */,
				E0B11C0266754C4B892C1207 /* Montserrat-MediumItalic.ttf */,
				D54F34F145694B23AE27A364 /* Montserrat-Regular.ttf */,
				BE6AD870896A4494A86FFF53 /* Montserrat-SemiBold.ttf */,
				3A29828422FC419AB3CA037C /* Montserrat-SemiBoldItalic.ttf */,
				B44F2AC5CABD4178BE0F91B4 /* Montserrat-Thin.ttf */,
				5558970AB86642D29C2B6F9A /* Montserrat-ThinItalic.ttf */,
				9A52C0E110A046FEBF593DB2 /* OpenSans-Bold.ttf */,
				2F4606D6A07E430999F804C6 /* OpenSans-BoldItalic.ttf */,
				5D259128B93647D393CB8154 /* OpenSans-ExtraBold.ttf */,
				4956E84384B9407793306222 /* OpenSans-ExtraBoldItalic.ttf */,
				6BDFE8E94673456FA564541C /* OpenSans-Italic.ttf */,
				43F64B4A8A074FBC94673406 /* OpenSans-Light.ttf */,
				47B5A1ECCCE5455EB2211108 /* OpenSans-LightItalic.ttf */,
				8E83AC4C845D442B9CEDE889 /* OpenSans-Regular.ttf */,
				15915A348EF841BDA726FBBE /* OpenSans-Semibold.ttf */,
				5F30B8DEA6E34647A14D7475 /* OpenSans-SemiboldItalic.ttf */,
				A7B6A6F2C8CD4CB6BEDD9161 /* Poppins-Black.ttf */,
				E0E3755C4A0A43AFAC62DEAE /* Poppins-Bold.ttf */,
				6EB46B56FD0C42C7BBF0189D /* Poppins-Light.ttf */,
				191E80CABF144CCBA6725468 /* Poppins-Medium.ttf */,
				18136C21281442DEA3396997 /* Poppins-Regular.ttf */,
				96986AB8666E446DB41B2E43 /* Poppins-SemiBold.ttf */,
				DD65A2A13ACC4A949D4904CA /* Sans-Black.ttf */,
				F0C2AE0F0F424642BDC97B34 /* Sans-Bold-Italic.ttf */,
				0F6391BDD897451280B28ACF /* Sans-Bold.ttf */,
				ECF0C56EE07841389368E0D7 /* Sans-Italic.ttf */,
				03CC5A1E84CE423BA09F48D5 /* Sans-Regular.ttf */,
				F105DA07395F472D8218E81E /* SourceSansPro-Black.ttf */,
				549105B87C9E4F18B401B47D /* SourceSansPro-BlackItalic.ttf */,
				3CB2FAA09FEF469EAB1A32E6 /* SourceSansPro-Bold.ttf */,
				95C154DD92794207963B4F07 /* SourceSansPro-BoldItalic.ttf */,
				24DD41C8BB194DAE92B33F22 /* SourceSansPro-ExtraLight.ttf */,
				1DA6522678174083A0FA6658 /* SourceSansPro-ExtraLightItalic.ttf */,
				B24F70BC284E463989B99F84 /* SourceSansPro-Italic.ttf */,
				1FE7212CDE18480D97103FE5 /* SourceSansPro-Light.ttf */,
				BD81C14B36B34E6998563A1C /* SourceSansPro-LightItalic.ttf */,
				06B1A6498E744CDF8FF16582 /* SourceSansPro-Regular.ttf */,
				D483CFD050174C1AB891C486 /* SourceSansPro-Semibold.ttf */,
				8B75FC7D422448BD84D8B269 /* SourceSansPro-SemiboldItalic.ttf */,
			);
			name = Resources;
			path = "";
			sourceTree = "<group>";
		};
		832341AE1AAA6A7D00B99B32 /* Libraries */ = {
			isa = PBXGroup;
			children = (
			);
			name = Libraries;
			sourceTree = "<group>";
		};
		83CBB9F61A601CBA00E9B192 = {
			isa = PBXGroup;
			children = (
				13B07FAE1A68108700A75B9A /* kickflicks */,
				832341AE1AAA6A7D00B99B32 /* Libraries */,
				00E356EF1AD99517003FC87E /* kickflicksTests */,
				83CBBA001A601CBA00E9B192 /* Products */,
				2D16E6871FA4F8E400B85C8A /* Frameworks */,
				BBD78D7AC51CEA395F1C20DB /* Pods */,
				411DF99E5C7E4975A2CAEE53 /* Resources */,
			);
			indentWidth = 2;
			sourceTree = "<group>";
			tabWidth = 2;
			usesTabs = 0;
		};
		83CBBA001A601CBA00E9B192 /* Products */ = {
			isa = PBXGroup;
			children = (
				13B07F961A680F5B00A75B9A /* kickflicks.app */,
				00E356EE1AD99517003FC87E /* kickflicksTests.xctest */,
			);
			name = Products;
			sourceTree = "<group>";
		};
		BBD78D7AC51CEA395F1C20DB /* Pods */ = {
			isa = PBXGroup;
			children = (
				3B4392A12AC88292D35C810B /* Pods-kickflicks.debug.xcconfig */,
				5709B34CF0A7D63546082F79 /* Pods-kickflicks.release.xcconfig */,
				5B7EB9410499542E8C5724F5 /* Pods-kickflicks-kickflicksTests.debug.xcconfig */,
				89C6BE57DB24E9ADA2F236DE /* Pods-kickflicks-kickflicksTests.release.xcconfig */,
			);
			path = Pods;
			sourceTree = "<group>";
		};
/* End PBXGroup section */

/* Begin PBXNativeTarget section */
		00E356ED1AD99517003FC87E /* kickflicksTests */ = {
			isa = PBXNativeTarget;
			buildConfigurationList = 00E357021AD99517003FC87E /* Build configuration list for PBXNativeTarget "kickflicksTests" */;
			buildPhases = (
				A55EABD7B0C7F3A422A6CC61 /* [CP] Check Pods Manifest.lock */,
				00E356EA1AD99517003FC87E /* Sources */,
				00E356EB1AD99517003FC87E /* Frameworks */,
				00E356EC1AD99517003FC87E /* Resources */,
				C59DA0FBD6956966B86A3779 /* [CP] Embed Pods Frameworks */,
				F6A41C54EA430FDDC6A6ED99 /* [CP] Copy Pods Resources */,
			);
			buildRules = (
			);
			dependencies = (
				00E356F51AD99517003FC87E /* PBXTargetDependency */,
			);
			name = kickflicksTests;
			productName = kickflicksTests;
			productReference = 00E356EE1AD99517003FC87E /* kickflicksTests.xctest */;
			productType = "com.apple.product-type.bundle.unit-test";
		};
		13B07F861A680F5B00A75B9A /* kickflicks */ = {
			isa = PBXNativeTarget;
			buildConfigurationList = 13B07F931A680F5B00A75B9A /* Build configuration list for PBXNativeTarget "kickflicks" */;
			buildPhases = (
				C38B50BA6285516D6DCD4F65 /* [CP] Check Pods Manifest.lock */,
				FD10A7F022414F080027D42C /* Start Packager */,
				13B07F871A680F5B00A75B9A /* Sources */,
				13B07F8C1A680F5B00A75B9A /* Frameworks */,
				13B07F8E1A680F5B00A75B9A /* Resources */,
				00DD1BFF1BD5951E006B06BC /* Bundle React Native code and images */,
				00EEFC60759A1932668264C0 /* [CP] Embed Pods Frameworks */,
				E235C05ADACE081382539298 /* [CP] Copy Pods Resources */,
			);
			buildRules = (
			);
			dependencies = (
			);
			name = kickflicks;
			productName = kickflicks;
			productReference = 13B07F961A680F5B00A75B9A /* kickflicks.app */;
			productType = "com.apple.product-type.application";
		};
/* End PBXNativeTarget section */

/* Begin PBXProject section */
		83CBB9F71A601CBA00E9B192 /* Project object */ = {
			isa = PBXProject;
			attributes = {
				LastUpgradeCheck = 1210;
				TargetAttributes = {
					00E356ED1AD99517003FC87E = {
						CreatedOnToolsVersion = 6.2;
						TestTargetID = 13B07F861A680F5B00A75B9A;
					};
					13B07F861A680F5B00A75B9A = {
						LastSwiftMigration = 1120;
					};
				};
			};
			buildConfigurationList = 83CBB9FA1A601CBA00E9B192 /* Build configuration list for PBXProject "kickflicks" */;
			compatibilityVersion = "Xcode 12.0";
			developmentRegion = en;
			hasScannedForEncodings = 0;
			knownRegions = (
				en,
				Base,
			);
			mainGroup = 83CBB9F61A601CBA00E9B192;
			productRefGroup = 83CBBA001A601CBA00E9B192 /* Products */;
			projectDirPath = "";
			projectRoot = "";
			targets = (
				13B07F861A680F5B00A75B9A /* kickflicks */,
				00E356ED1AD99517003FC87E /* kickflicksTests */,
			);
		};
/* End PBXProject section */

/* Begin PBXResourcesBuildPhase section */
		00E356EC1AD99517003FC87E /* Resources */ = {
			isa = PBXResourcesBuildPhase;
			buildActionMask = 2147483647;
			files = (
			);
			runOnlyForDeploymentPostprocessing = 0;
		};
		13B07F8E1A680F5B00A75B9A /* Resources */ = {
			isa = PBXResourcesBuildPhase;
			buildActionMask = 2147483647;
			files = (
				81AB9BB82411601600AC10FF /* LaunchScreen.storyboard in Resources */,
				13B07FBF1A68108700A75B9A /* Images.xcassets in Resources */,
				6E1BDC92F64044CDA7618CE8 /* GenBkBasB.ttf in Resources */,
				E576520F63CC4D15918127B3 /* GenBkBasBI.ttf in Resources */,
				54554F0784404B8AA3099CE4 /* GenBkBasItalic.ttf in Resources */,
				A18C5BCE4D0744D09B0922EB /* GenBkBasR.ttf in Resources */,
				34875185B78A481FBAB88C30 /* GreatVibes-Regular.ttf in Resources */,
				FF02F02DAEB54B05B45F89AB /* Inter-Black.ttf in Resources */,
				B8D42D1F6BC54F0A925BAA1A /* Inter-Bold.ttf in Resources */,
				E1913AA088B24125A9B3BFB3 /* Inter-BoldItalic.ttf in Resources */,
				F5E4F45BA7AF47978753BF05 /* Inter-ExtraBold.ttf in Resources */,
				8B5C79F5C9734EB09F3A828B /* Inter-ExtraBoldItalic.ttf in Resources */,
				A5F48DF401EC4DA1B9EA458A /* Inter-ExtraLight-BETA.ttf in Resources */,
				21850FA91E0544AB8F5FA7B8 /* Inter-ExtraLightItalic-BETA.ttf in Resources */,
				8162A9AF89ED42DA8D9AAA49 /* Inter-Italic.ttf in Resources */,
				930D408C2A2E4C5CBC943341 /* Inter-Light-BETA.ttf in Resources */,
				FB9235C31D7240FD91397F15 /* Inter-LightItalic-BETA.ttf in Resources */,
				B839BB63AB1C4B53AB1D3D46 /* Inter-Medium.ttf in Resources */,
				9051ADFBC5784F03B38F50FB /* Inter-MediumItalic.ttf in Resources */,
				8A014D16FB074927866912E7 /* Inter-Regular.ttf in Resources */,
				1A87B3D63A054896B152DC2B /* Inter-SemiBold.ttf in Resources */,
				B66A1668B73E4EFA83EA8567 /* Inter-SemiBoldItalic.ttf in Resources */,
				D5ED0AC123324F9DB43F8766 /* Inter-Thin-BETA.ttf in Resources */,
				40F7E5A2DE7C4811AD2EC49A /* Inter-ThinItalic-BETA.ttf in Resources */,
				725574F320644C249DD22A50 /* Inter-UI-BlackItalic.ttf in Resources */,
				CB05EDDE34084DEBBCECAB5E /* Montserrat-Black.ttf in Resources */,
				A146912DA1C3481194218AAC /* Montserrat-BlackItalic.ttf in Resources */,
				8976C7B4CE084C0FA4A5AE32 /* Montserrat-Bold.ttf in Resources */,
				64850B6D9C7D4340B4EECA22 /* Montserrat-BoldItalic.ttf in Resources */,
				A6A9E6D09D4B4A2F94C107CA /* Montserrat-ExtraBold.ttf in Resources */,
				B6C0A2819A3446A4A1A95D30 /* Montserrat-ExtraBoldItalic.ttf in Resources */,
				2DEDEFB536FD456E8A0EF332 /* Montserrat-ExtraLight.ttf in Resources */,
				20C986767D924C1C9C4BBE7A /* Montserrat-ExtraLightItalic.ttf in Resources */,
				0E7DDB012EE44079B0CC76DA /* Montserrat-Italic.ttf in Resources */,
				416B9A43D7A347DDB192CBE6 /* Montserrat-Light.ttf in Resources */,
				F44C076421C343C9A658AB1C /* Montserrat-LightItalic.ttf in Resources */,
				EFDC67C25BD54B05B396483A /* Montserrat-Medium.ttf in Resources */,
				159E5B7A06F848618708B9DD /* Montserrat-MediumItalic.ttf in Resources */,
				EE5C6688B5164DACA5281FD5 /* Montserrat-Regular.ttf in Resources */,
				BC69FEEA7E0B4C49BBFED9ED /* Montserrat-SemiBold.ttf in Resources */,
				6545EC774A4B4994AA44981C /* Montserrat-SemiBoldItalic.ttf in Resources */,
				5AF976430FE34927A78B0B55 /* Montserrat-Thin.ttf in Resources */,
				87281B96DB804C72B82A0AAE /* Montserrat-ThinItalic.ttf in Resources */,
				CDE2E60F5BA8494C964A9B41 /* OpenSans-Bold.ttf in Resources */,
				4226DCCDAA034A98B1261F4B /* OpenSans-BoldItalic.ttf in Resources */,
				7673F2F43D8848DC8C982373 /* OpenSans-ExtraBold.ttf in Resources */,
				79CC5891D3E44D5FB3329F36 /* OpenSans-ExtraBoldItalic.ttf in Resources */,
				196FA3FF884F45B0BF5DF3A9 /* OpenSans-Italic.ttf in Resources */,
				DF54016A4995483382EE620A /* OpenSans-Light.ttf in Resources */,
				8948D2912EF845F584EC5A8B /* OpenSans-LightItalic.ttf in Resources */,
				B5D60347A9F94F2BA6CF3D39 /* OpenSans-Regular.ttf in Resources */,
				03D6BF03C94C4966BC305530 /* OpenSans-Semibold.ttf in Resources */,
				ACDA55D8D709499F84DDB72D /* OpenSans-SemiboldItalic.ttf in Resources */,
				703F8D7DD1AE4F1A8E56EA44 /* Poppins-Black.ttf in Resources */,
				4B3A6DF647254569BB795631 /* Poppins-Bold.ttf in Resources */,
				1A3DCC4308F84F96B535073B /* Poppins-Light.ttf in Resources */,
				1476A284EAEB4847A66E4614 /* Poppins-Medium.ttf in Resources */,
				9AC1303650CB4354A0AD223E /* Poppins-Regular.ttf in Resources */,
				D29A38E68BA84EB9B5D3F324 /* Poppins-SemiBold.ttf in Resources */,
				CD117627A9504C88B1460642 /* Sans-Black.ttf in Resources */,
				CFDF58CC37D44121B0A85232 /* Sans-Bold-Italic.ttf in Resources */,
				60ECE58F0618438BB2382E87 /* Sans-Bold.ttf in Resources */,
				C093FFB892844902AA62AA77 /* Sans-Italic.ttf in Resources */,
				F60D7BB23BDD446CA31ADA46 /* Sans-Regular.ttf in Resources */,
				F8A5168AFDEE45DCB189AF87 /* SourceSansPro-Black.ttf in Resources */,
				4F5EAE277D0546F39F253786 /* SourceSansPro-BlackItalic.ttf in Resources */,
				CF2D303CF1C6491D8A88FF56 /* SourceSansPro-Bold.ttf in Resources */,
				0229E45329104D32A080A134 /* SourceSansPro-BoldItalic.ttf in Resources */,
				4A4FF676725B455A9F6F1089 /* SourceSansPro-ExtraLight.ttf in Resources */,
				45C15C4F8C7645BFBBE5CAAA /* SourceSansPro-ExtraLightItalic.ttf in Resources */,
				5D8A61939C8340BCABC39D45 /* SourceSansPro-Italic.ttf in Resources */,
				3C3E6C229FDB491C930FDF2C /* SourceSansPro-Light.ttf in Resources */,
				258D1953F2B0460AACE89904 /* SourceSansPro-LightItalic.ttf in Resources */,
				77FD449BCA964880AF8C3695 /* SourceSansPro-Regular.ttf in Resources */,
				FF8713085F0F4424AB724DA7 /* SourceSansPro-Semibold.ttf in Resources */,
				369F8EF643954630B97B95B4 /* SourceSansPro-SemiboldItalic.ttf in Resources */,
			);
			runOnlyForDeploymentPostprocessing = 0;
		};
/* End PBXResourcesBuildPhase section */

/* Begin PBXShellScriptBuildPhase section */
		00DD1BFF1BD5951E006B06BC /* Bundle React Native code and images */ = {
			isa = PBXShellScriptBuildPhase;
			buildActionMask = 2147483647;
			files = (
			);
			inputPaths = (
				"$(SRCROOT)/.xcode.env.local",
				"$(SRCROOT)/.xcode.env",
			);
			name = "Bundle React Native code and images";
			outputPaths = (
			);
			runOnlyForDeploymentPostprocessing = 0;
			shellPath = /bin/sh;
			shellScript = "set -e\n\nWITH_ENVIRONMENT=\"../node_modules/react-native/scripts/xcode/with-environment.sh\"\nREACT_NATIVE_XCODE=\"../node_modules/react-native/scripts/react-native-xcode.sh\"\n\n/bin/sh -c \"$WITH_ENVIRONMENT $REACT_NATIVE_XCODE\"\n";
		};
		00EEFC60759A1932668264C0 /* [CP] Embed Pods Frameworks */ = {
			isa = PBXShellScriptBuildPhase;
			buildActionMask = 2147483647;
			files = (
			);
			inputFileListPaths = (
				"${PODS_ROOT}/Target Support Files/Pods-kickflicks/Pods-kickflicks-frameworks-${CONFIGURATION}-input-files.xcfilelist",
			);
			name = "[CP] Embed Pods Frameworks";
			outputFileListPaths = (
				"${PODS_ROOT}/Target Support Files/Pods-kickflicks/Pods-kickflicks-frameworks-${CONFIGURATION}-output-files.xcfilelist",
			);
			runOnlyForDeploymentPostprocessing = 0;
			shellPath = /bin/sh;
			shellScript = "\"${PODS_ROOT}/Target Support Files/Pods-kickflicks/Pods-kickflicks-frameworks.sh\"\n";
			showEnvVarsInLog = 0;
		};
		A55EABD7B0C7F3A422A6CC61 /* [CP] Check Pods Manifest.lock */ = {
			isa = PBXShellScriptBuildPhase;
			buildActionMask = 2147483647;
			files = (
			);
			inputFileListPaths = (
			);
			inputPaths = (
				"${PODS_PODFILE_DIR_PATH}/Podfile.lock",
				"${PODS_ROOT}/Manifest.lock",
			);
			name = "[CP] Check Pods Manifest.lock";
			outputFileListPaths = (
			);
			outputPaths = (
				"$(DERIVED_FILE_DIR)/Pods-kickflicks-kickflicksTests-checkManifestLockResult.txt",
			);
			runOnlyForDeploymentPostprocessing = 0;
			shellPath = /bin/sh;
			shellScript = "diff \"${PODS_PODFILE_DIR_PATH}/Podfile.lock\" \"${PODS_ROOT}/Manifest.lock\" > /dev/null\nif [ $? != 0 ] ; then\n    # print error to STDERR\n    echo \"error: The sandbox is not in sync with the Podfile.lock. Run 'pod install' or update your CocoaPods installation.\" >&2\n    exit 1\nfi\n# This output is used by Xcode 'outputs' to avoid re-running this script phase.\necho \"SUCCESS\" > \"${SCRIPT_OUTPUT_FILE_0}\"\n";
			showEnvVarsInLog = 0;
		};
		C38B50BA6285516D6DCD4F65 /* [CP] Check Pods Manifest.lock */ = {
			isa = PBXShellScriptBuildPhase;
			buildActionMask = 2147483647;
			files = (
			);
			inputFileListPaths = (
			);
			inputPaths = (
				"${PODS_PODFILE_DIR_PATH}/Podfile.lock",
				"${PODS_ROOT}/Manifest.lock",
			);
			name = "[CP] Check Pods Manifest.lock";
			outputFileListPaths = (
			);
			outputPaths = (
				"$(DERIVED_FILE_DIR)/Pods-kickflicks-checkManifestLockResult.txt",
			);
			runOnlyForDeploymentPostprocessing = 0;
			shellPath = /bin/sh;
			shellScript = "diff \"${PODS_PODFILE_DIR_PATH}/Podfile.lock\" \"${PODS_ROOT}/Manifest.lock\" > /dev/null\nif [ $? != 0 ] ; then\n    # print error to STDERR\n    echo \"error: The sandbox is not in sync with the Podfile.lock. Run 'pod install' or update your CocoaPods installation.\" >&2\n    exit 1\nfi\n# This output is used by Xcode 'outputs' to avoid re-running this script phase.\necho \"SUCCESS\" > \"${SCRIPT_OUTPUT_FILE_0}\"\n";
			showEnvVarsInLog = 0;
		};
		C59DA0FBD6956966B86A3779 /* [CP] Embed Pods Frameworks */ = {
			isa = PBXShellScriptBuildPhase;
			buildActionMask = 2147483647;
			files = (
			);
			inputFileListPaths = (
				"${PODS_ROOT}/Target Support Files/Pods-kickflicks-kickflicksTests/Pods-kickflicks-kickflicksTests-frameworks-${CONFIGURATION}-input-files.xcfilelist",
			);
			name = "[CP] Embed Pods Frameworks";
			outputFileListPaths = (
				"${PODS_ROOT}/Target Support Files/Pods-kickflicks-kickflicksTests/Pods-kickflicks-kickflicksTests-frameworks-${CONFIGURATION}-output-files.xcfilelist",
			);
			runOnlyForDeploymentPostprocessing = 0;
			shellPath = /bin/sh;
			shellScript = "\"${PODS_ROOT}/Target Support Files/Pods-kickflicks-kickflicksTests/Pods-kickflicks-kickflicksTests-frameworks.sh\"\n";
			showEnvVarsInLog = 0;
		};
		E235C05ADACE081382539298 /* [CP] Copy Pods Resources */ = {
			isa = PBXShellScriptBuildPhase;
			buildActionMask = 2147483647;
			files = (
			);
			inputFileListPaths = (
				"${PODS_ROOT}/Target Support Files/Pods-kickflicks/Pods-kickflicks-resources-${CONFIGURATION}-input-files.xcfilelist",
			);
			name = "[CP] Copy Pods Resources";
			outputFileListPaths = (
				"${PODS_ROOT}/Target Support Files/Pods-kickflicks/Pods-kickflicks-resources-${CONFIGURATION}-output-files.xcfilelist",
			);
			runOnlyForDeploymentPostprocessing = 0;
			shellPath = /bin/sh;
			shellScript = "\"${PODS_ROOT}/Target Support Files/Pods-kickflicks/Pods-kickflicks-resources.sh\"\n";
			showEnvVarsInLog = 0;
		};
		F6A41C54EA430FDDC6A6ED99 /* [CP] Copy Pods Resources */ = {
			isa = PBXShellScriptBuildPhase;
			buildActionMask = 2147483647;
			files = (
			);
			inputFileListPaths = (
				"${PODS_ROOT}/Target Support Files/Pods-kickflicks-kickflicksTests/Pods-kickflicks-kickflicksTests-resources-${CONFIGURATION}-input-files.xcfilelist",
			);
			name = "[CP] Copy Pods Resources";
			outputFileListPaths = (
				"${PODS_ROOT}/Target Support Files/Pods-kickflicks-kickflicksTests/Pods-kickflicks-kickflicksTests-resources-${CONFIGURATION}-output-files.xcfilelist",
			);
			runOnlyForDeploymentPostprocessing = 0;
			shellPath = /bin/sh;
			shellScript = "\"${PODS_ROOT}/Target Support Files/Pods-kickflicks-kickflicksTests/Pods-kickflicks-kickflicksTests-resources.sh\"\n";
			showEnvVarsInLog = 0;
		};
		FD10A7F022414F080027D42C /* Start Packager */ = {
			isa = PBXShellScriptBuildPhase;
			buildActionMask = 2147483647;
			files = (
			);
			inputFileListPaths = (
			);
			inputPaths = (
			);
			name = "Start Packager";
			outputFileListPaths = (
			);
			outputPaths = (
			);
			runOnlyForDeploymentPostprocessing = 0;
			shellPath = /bin/sh;
			shellScript = "export RCT_METRO_PORT=\"${RCT_METRO_PORT:=8081}\"\necho \"export RCT_METRO_PORT=${RCT_METRO_PORT}\" > \"${SRCROOT}/../node_modules/react-native/scripts/.packager.env\"\nif [ -z \"${RCT_NO_LAUNCH_PACKAGER+xxx}\" ] ; then\n  if nc -w 5 -z localhost ${RCT_METRO_PORT} ; then\n    if ! curl -s \"http://localhost:${RCT_METRO_PORT}/status\" | grep -q \"packager-status:running\" ; then\n      echo \"Port ${RCT_METRO_PORT} already in use, packager is either not running or not running correctly\"\n      exit 2\n    fi\n  else\n    open \"$SRCROOT/../node_modules/react-native/scripts/launchPackager.command\" || echo \"Can't start packager automatically\"\n  fi\nfi\n";
			showEnvVarsInLog = 0;
		};
/* End PBXShellScriptBuildPhase section */

/* Begin PBXSourcesBuildPhase section */
		00E356EA1AD99517003FC87E /* Sources */ = {
			isa = PBXSourcesBuildPhase;
			buildActionMask = 2147483647;
			files = (
				00E356F31AD99517003FC87E /* kickflicksTests.m in Sources */,
			);
			runOnlyForDeploymentPostprocessing = 0;
		};
		13B07F871A680F5B00A75B9A /* Sources */ = {
			isa = PBXSourcesBuildPhase;
			buildActionMask = 2147483647;
			files = (
				13B07FBC1A68108700A75B9A /* AppDelegate.mm in Sources */,
				13B07FC11A68108700A75B9A /* main.m in Sources */,
			);
			runOnlyForDeploymentPostprocessing = 0;
		};
/* End PBXSourcesBuildPhase section */

/* Begin PBXTargetDependency section */
		00E356F51AD99517003FC87E /* PBXTargetDependency */ = {
			isa = PBXTargetDependency;
			target = 13B07F861A680F5B00A75B9A /* kickflicks */;
			targetProxy = 00E356F41AD99517003FC87E /* PBXContainerItemProxy */;
		};
/* End PBXTargetDependency section */

/* Begin XCBuildConfiguration section */
		00E356F61AD99517003FC87E /* Debug */ = {
			isa = XCBuildConfiguration;
			baseConfigurationReference = 5B7EB9410499542E8C5724F5 /* Pods-kickflicks-kickflicksTests.debug.xcconfig */;
			buildSettings = {
				BUNDLE_LOADER = "$(TEST_HOST)";
				GCC_PREPROCESSOR_DEFINITIONS = (
					"DEBUG=1",
					"$(inherited)",
				);
				INFOPLIST_FILE = kickflicksTests/Info.plist;
				IPHONEOS_DEPLOYMENT_TARGET = 12.4;
				LD_RUNPATH_SEARCH_PATHS = (
					"$(inherited)",
					"@executable_path/Frameworks",
					"@loader_path/Frameworks",
				);
				OTHER_LDFLAGS = (
					"-ObjC",
					"-lc++",
					"$(inherited)",
				);
				PRODUCT_BUNDLE_IDENTIFIER = "org.reactjs.native.example.$(PRODUCT_NAME:rfc1034identifier)";
				PRODUCT_NAME = "$(TARGET_NAME)";
				TEST_HOST = "$(BUILT_PRODUCTS_DIR)/kickflicks.app/kickflicks";
			};
			name = Debug;
		};
		00E356F71AD99517003FC87E /* Release */ = {
			isa = XCBuildConfiguration;
			baseConfigurationReference = 89C6BE57DB24E9ADA2F236DE /* Pods-kickflicks-kickflicksTests.release.xcconfig */;
			buildSettings = {
				BUNDLE_LOADER = "$(TEST_HOST)";
				COPY_PHASE_STRIP = NO;
				INFOPLIST_FILE = kickflicksTests/Info.plist;
				IPHONEOS_DEPLOYMENT_TARGET = 12.4;
				LD_RUNPATH_SEARCH_PATHS = (
					"$(inherited)",
					"@executable_path/Frameworks",
					"@loader_path/Frameworks",
				);
				OTHER_LDFLAGS = (
					"-ObjC",
					"-lc++",
					"$(inherited)",
				);
				PRODUCT_BUNDLE_IDENTIFIER = "org.reactjs.native.example.$(PRODUCT_NAME:rfc1034identifier)";
				PRODUCT_NAME = "$(TARGET_NAME)";
				TEST_HOST = "$(BUILT_PRODUCTS_DIR)/kickflicks.app/kickflicks";
			};
			name = Release;
		};
		13B07F941A680F5B00A75B9A /* Debug */ = {
			isa = XCBuildConfiguration;
			baseConfigurationReference = 3B4392A12AC88292D35C810B /* Pods-kickflicks.debug.xcconfig */;
			buildSettings = {
				ASSETCATALOG_COMPILER_APPICON_NAME = AppIcon;
				CLANG_ENABLE_MODULES = YES;
				CURRENT_PROJECT_VERSION = 1;
				ENABLE_BITCODE = NO;
				INFOPLIST_FILE = kickflicks/Info.plist;
				LD_RUNPATH_SEARCH_PATHS = (
					"$(inherited)",
					"@executable_path/Frameworks",
				);
				OTHER_LDFLAGS = (
					"$(inherited)",
					"-ObjC",
					"-lc++",
				);
				PRODUCT_BUNDLE_IDENTIFIER = "org.reactjs.native.example.$(PRODUCT_NAME:rfc1034identifier)";
				PRODUCT_NAME = kickflicks;
				SWIFT_OPTIMIZATION_LEVEL = "-Onone";
				SWIFT_VERSION = 5.0;
				VERSIONING_SYSTEM = "apple-generic";
			};
			name = Debug;
		};
		13B07F951A680F5B00A75B9A /* Release */ = {
			isa = XCBuildConfiguration;
			baseConfigurationReference = 5709B34CF0A7D63546082F79 /* Pods-kickflicks.release.xcconfig */;
			buildSettings = {
				ASSETCATALOG_COMPILER_APPICON_NAME = AppIcon;
				CLANG_ENABLE_MODULES = YES;
				CURRENT_PROJECT_VERSION = 1;
				INFOPLIST_FILE = kickflicks/Info.plist;
				LD_RUNPATH_SEARCH_PATHS = (
					"$(inherited)",
					"@executable_path/Frameworks",
				);
				OTHER_LDFLAGS = (
					"$(inherited)",
					"-ObjC",
					"-lc++",
				);
				PRODUCT_BUNDLE_IDENTIFIER = "org.reactjs.native.example.$(PRODUCT_NAME:rfc1034identifier)";
				PRODUCT_NAME = kickflicks;
				SWIFT_VERSION = 5.0;
				VERSIONING_SYSTEM = "apple-generic";
			};
			name = Release;
		};
		83CBBA201A601CBA00E9B192 /* Debug */ = {
			isa = XCBuildConfiguration;
			buildSettings = {
				ALWAYS_SEARCH_USER_PATHS = NO;
				CLANG_ANALYZER_LOCALIZABILITY_NONLOCALIZED = YES;
				CLANG_CXX_LANGUAGE_STANDARD = "c++17";
				CLANG_CXX_LIBRARY = "libc++";
				CLANG_ENABLE_MODULES = YES;
				CLANG_ENABLE_OBJC_ARC = YES;
				CLANG_WARN_BLOCK_CAPTURE_AUTORELEASING = YES;
				CLANG_WARN_BOOL_CONVERSION = YES;
				CLANG_WARN_COMMA = YES;
				CLANG_WARN_CONSTANT_CONVERSION = YES;
				CLANG_WARN_DEPRECATED_OBJC_IMPLEMENTATIONS = YES;
				CLANG_WARN_DIRECT_OBJC_ISA_USAGE = YES_ERROR;
				CLANG_WARN_EMPTY_BODY = YES;
				CLANG_WARN_ENUM_CONVERSION = YES;
				CLANG_WARN_INFINITE_RECURSION = YES;
				CLANG_WARN_INT_CONVERSION = YES;
				CLANG_WARN_NON_LITERAL_NULL_CONVERSION = YES;
				CLANG_WARN_OBJC_IMPLICIT_RETAIN_SELF = YES;
				CLANG_WARN_OBJC_LITERAL_CONVERSION = YES;
				CLANG_WARN_OBJC_ROOT_CLASS = YES_ERROR;
				CLANG_WARN_QUOTED_INCLUDE_IN_FRAMEWORK_HEADER = YES;
				CLANG_WARN_RANGE_LOOP_ANALYSIS = YES;
				CLANG_WARN_STRICT_PROTOTYPES = YES;
				CLANG_WARN_SUSPICIOUS_MOVE = YES;
				CLANG_WARN_UNREACHABLE_CODE = YES;
				CLANG_WARN__DUPLICATE_METHOD_MATCH = YES;
				"CODE_SIGN_IDENTITY[sdk=iphoneos*]" = "iPhone Developer";
				COPY_PHASE_STRIP = NO;
				ENABLE_STRICT_OBJC_MSGSEND = YES;
				ENABLE_TESTABILITY = YES;
				"EXCLUDED_ARCHS[sdk=iphonesimulator*]" = "";
				GCC_C_LANGUAGE_STANDARD = gnu99;
				GCC_DYNAMIC_NO_PIC = NO;
				GCC_NO_COMMON_BLOCKS = YES;
				GCC_OPTIMIZATION_LEVEL = 0;
				GCC_PREPROCESSOR_DEFINITIONS = (
					"DEBUG=1",
					"$(inherited)",
				);
				GCC_SYMBOLS_PRIVATE_EXTERN = NO;
				GCC_WARN_64_TO_32_BIT_CONVERSION = YES;
				GCC_WARN_ABOUT_RETURN_TYPE = YES_ERROR;
				GCC_WARN_UNDECLARED_SELECTOR = YES;
				GCC_WARN_UNINITIALIZED_AUTOS = YES_AGGRESSIVE;
				GCC_WARN_UNUSED_FUNCTION = YES;
				GCC_WARN_UNUSED_VARIABLE = YES;
				IPHONEOS_DEPLOYMENT_TARGET = 12.4;
				LD_RUNPATH_SEARCH_PATHS = (
					/usr/lib/swift,
					"$(inherited)",
				);
				LIBRARY_SEARCH_PATHS = (
					"\"$(SDKROOT)/usr/lib/swift\"",
					"\"$(TOOLCHAIN_DIR)/usr/lib/swift/$(PLATFORM_NAME)\"",
					"\"$(inherited)\"",
				);
				MTL_ENABLE_DEBUG_INFO = YES;
				ONLY_ACTIVE_ARCH = YES;
				OTHER_CPLUSPLUSFLAGS = (
					"$(OTHER_CFLAGS)",
					"-DFOLLY_NO_CONFIG",
					"-DFOLLY_MOBILE=1",
					"-DFOLLY_USE_LIBCPP=1",
				);
				REACT_NATIVE_PATH = "${PODS_ROOT}/../../node_modules/react-native";
				SDKROOT = iphoneos;
			};
			name = Debug;
		};
		83CBBA211A601CBA00E9B192 /* Release */ = {
			isa = XCBuildConfiguration;
			buildSettings = {
				ALWAYS_SEARCH_USER_PATHS = NO;
				CLANG_ANALYZER_LOCALIZABILITY_NONLOCALIZED = YES;
				CLANG_CXX_LANGUAGE_STANDARD = "c++17";
				CLANG_CXX_LIBRARY = "libc++";
				CLANG_ENABLE_MODULES = YES;
				CLANG_ENABLE_OBJC_ARC = YES;
				CLANG_WARN_BLOCK_CAPTURE_AUTORELEASING = YES;
				CLANG_WARN_BOOL_CONVERSION = YES;
				CLANG_WARN_COMMA = YES;
				CLANG_WARN_CONSTANT_CONVERSION = YES;
				CLANG_WARN_DEPRECATED_OBJC_IMPLEMENTATIONS = YES;
				CLANG_WARN_DIRECT_OBJC_ISA_USAGE = YES_ERROR;
				CLANG_WARN_EMPTY_BODY = YES;
				CLANG_WARN_ENUM_CONVERSION = YES;
				CLANG_WARN_INFINITE_RECURSION = YES;
				CLANG_WARN_INT_CONVERSION = YES;
				CLANG_WARN_NON_LITERAL_NULL_CONVERSION = YES;
				CLANG_WARN_OBJC_IMPLICIT_RETAIN_SELF = YES;
				CLANG_WARN_OBJC_LITERAL_CONVERSION = YES;
				CLANG_WARN_OBJC_ROOT_CLASS = YES_ERROR;
				CLANG_WARN_QUOTED_INCLUDE_IN_FRAMEWORK_HEADER = YES;
				CLANG_WARN_RANGE_LOOP_ANALYSIS = YES;
				CLANG_WARN_STRICT_PROTOTYPES = YES;
				CLANG_WARN_SUSPICIOUS_MOVE = YES;
				CLANG_WARN_UNREACHABLE_CODE = YES;
				CLANG_WARN__DUPLICATE_METHOD_MATCH = YES;
				"CODE_SIGN_IDENTITY[sdk=iphoneos*]" = "iPhone Developer";
				COPY_PHASE_STRIP = YES;
				ENABLE_NS_ASSERTIONS = NO;
				ENABLE_STRICT_OBJC_MSGSEND = YES;
				"EXCLUDED_ARCHS[sdk=iphonesimulator*]" = "";
				GCC_C_LANGUAGE_STANDARD = gnu99;
				GCC_NO_COMMON_BLOCKS = YES;
				GCC_WARN_64_TO_32_BIT_CONVERSION = YES;
				GCC_WARN_ABOUT_RETURN_TYPE = YES_ERROR;
				GCC_WARN_UNDECLARED_SELECTOR = YES;
				GCC_WARN_UNINITIALIZED_AUTOS = YES_AGGRESSIVE;
				GCC_WARN_UNUSED_FUNCTION = YES;
				GCC_WARN_UNUSED_VARIABLE = YES;
				IPHONEOS_DEPLOYMENT_TARGET = 12.4;
				LD_RUNPATH_SEARCH_PATHS = (
					/usr/lib/swift,
					"$(inherited)",
				);
				LIBRARY_SEARCH_PATHS = (
					"\"$(SDKROOT)/usr/lib/swift\"",
					"\"$(TOOLCHAIN_DIR)/usr/lib/swift/$(PLATFORM_NAME)\"",
					"\"$(inherited)\"",
				);
				MTL_ENABLE_DEBUG_INFO = NO;
				OTHER_CPLUSPLUSFLAGS = (
					"$(OTHER_CFLAGS)",
					"-DFOLLY_NO_CONFIG",
					"-DFOLLY_MOBILE=1",
					"-DFOLLY_USE_LIBCPP=1",
				);
				REACT_NATIVE_PATH = "${PODS_ROOT}/../../node_modules/react-native";
				SDKROOT = iphoneos;
				VALIDATE_PRODUCT = YES;
			};
			name = Release;
		};
/* End XCBuildConfiguration section */

/* Begin XCConfigurationList section */
		00E357021AD99517003FC87E /* Build configuration list for PBXNativeTarget "kickflicksTests" */ = {
			isa = XCConfigurationList;
			buildConfigurations = (
				00E356F61AD99517003FC87E /* Debug */,
				00E356F71AD99517003FC87E /* Release */,
			);
			defaultConfigurationIsVisible = 0;
			defaultConfigurationName = Release;
		};
		13B07F931A680F5B00A75B9A /* Build configuration list for PBXNativeTarget "kickflicks" */ = {
			isa = XCConfigurationList;
			buildConfigurations = (
				13B07F941A680F5B00A75B9A /* Debug */,
				13B07F951A680F5B00A75B9A /* Release */,
			);
			defaultConfigurationIsVisible = 0;
			defaultConfigurationName = Release;
		};
		83CBB9FA1A601CBA00E9B192 /* Build configuration list for PBXProject "kickflicks" */ = {
			isa = XCConfigurationList;
			buildConfigurations = (
				83CBBA201A601CBA00E9B192 /* Debug */,
				83CBBA211A601CBA00E9B192 /* Release */,
			);
			defaultConfigurationIsVisible = 0;
			defaultConfigurationName = Release;
		};
/* End XCConfigurationList section */
	};
	rootObject = 83CBB9F71A601CBA00E9B192 /* Project object */;
}
